
Microsoft Visual Studio Solution File, Format Version 12.00
# Visual Studio Version 16
VisualStudioVersion = 16.0.30225.117
MinimumVisualStudioVersion = 10.0.40219.1
Project("{9A19103F-16F7-4668-BE54-9A1E7A4F7556}") = "CmsCapaMedikal", "CmsCapaMedikal\CmsCapaMedikal.csproj", "{86B5D677-283B-4000-A19D-2813160854B6}"
EndProject
Project("{9A19103F-16F7-4668-BE54-9A1E7A4F7556}") = "CmsCapaMedikalAPI", "CmsCapaMedikalAPI\CmsCapaMedikalAPI.csproj", "{6E98C7AA-C200-4B82-A845-BAFB315DFCB9}"
EndProject
Project("{E53339B2-1760-4266-BCC7-CA923CBCF16C}") = "docker-compose", "docker-compose.dcproj", "{0CAB4A1B-DD55-4B09-9EA5-D7CF0348336E}"
EndProject
Global
	GlobalSection(SolutionConfigurationPlatforms) = preSolution
		Debug|Any CPU = Debug|Any CPU
		Release|Any CPU = Release|Any CPU
	EndGlobalSection
	GlobalSection(ProjectConfigurationPlatforms) = postSolution
		{86B5D677-283B-4000-A19D-2813160854B6}.Debug|Any CPU.ActiveCfg = Debug|Any CPU
		{86B5D677-283B-4000-A19D-2813160854B6}.Debug|Any CPU.Build.0 = Debug|Any CPU
		{86B5D677-283B-4000-A19D-2813160854B6}.Release|Any CPU.ActiveCfg = Release|Any CPU
		{86B5D677-283B-4000-A19D-2813160854B6}.Release|Any CPU.Build.0 = Release|Any CPU
		{6E98C7AA-C200-4B82-A845-BAFB315DFCB9}.Debug|Any CPU.ActiveCfg = Debug|Any CPU
		{6E98C7AA-C200-4B82-A845-BAFB315DFCB9}.Debug|Any CPU.Build.0 = Debug|Any CPU
		{6E98C7AA-C200-4B82-A845-BAFB315DFCB9}.Release|Any CPU.ActiveCfg = Release|Any CPU
		{6E98C7AA-C200-4B82-A845-BAFB315DFCB9}.Release|Any CPU.Build.0 = Release|Any CPU
		{0CAB4A1B-DD55-4B09-9EA5-D7CF0348336E}.Debug|Any CPU.ActiveCfg = Debug|Any CPU
		{0CAB4A1B-DD55-4B09-9EA5-D7CF0348336E}.Debug|Any CPU.Build.0 = Debug|Any CPU
		{0CAB4A1B-DD55-4B09-9EA5-D7CF0348336E}.Release|Any CPU.ActiveCfg = Release|Any CPU
		{0CAB4A1B-DD55-4B09-9EA5-D7CF0348336E}.Release|Any CPU.Build.0 = Release|Any CPU
	EndGlobalSection
	GlobalSection(SolutionProperties) = preSolution
		HideSolutionNode = FALSE
	EndGlobalSection
	GlobalSection(ExtensibilityGlobals) = postSolution
		SolutionGuid = {31325D5A-93E2-46AA-81B4-7E7F1AF4F296}
	EndGlobalSection
EndGlobal
